
Microsoft Visual Studio Solution File, Format Version 12.00
# Visual Studio Version 17
VisualStudioVersion = 17.4.33403.182
MinimumVisualStudioVersion = 10.0.40219.1
Project("{FAE04EC0-301F-11D3-BF4B-00C04F79EFBC}") = "MyReminder", "MyReminder.csproj", "{FBD2B1EE-5EE9-4124-90E2-F2A55B87F1F3}"
EndProject
Project("{9A19103F-16F7-4668-BE54-9A1E7A4F7556}") = "MyReminder.Application", "..\MyReminder.Application\MyReminder.Application.csproj", "{86D1D08D-51DB-4BEB-B3BA-07A1F8F89343}"
EndProject
Project("{9A19103F-16F7-4668-BE54-9A1E7A4F7556}") = "MyReminder.Domain", "..\MyReminder.Domain\MyReminder.Domain.csproj", "{4A71472F-FF57-4647-8001-9D1E5AA22948}"
EndProject
Project("{9A19103F-16F7-4668-BE54-9A1E7A4F7556}") = "MyReminder.Infrastructure", "..\MyReminder.Infrastructure\MyReminder.Infrastructure.csproj", "{F7CDC503-F4F1-4BA1-B387-21B5C34DC336}"
EndProject
Global
	GlobalSection(SolutionConfigurationPlatforms) = preSolution
		Debug|Any CPU = Debug|Any CPU
		Release|Any CPU = Release|Any CPU
	EndGlobalSection
	GlobalSection(ProjectConfigurationPlatforms) = postSolution
		{FBD2B1EE-5EE9-4124-90E2-F2A55B87F1F3}.Debug|Any CPU.ActiveCfg = Debug|Any CPU
		{FBD2B1EE-5EE9-4124-90E2-F2A55B87F1F3}.Debug|Any CPU.Build.0 = Debug|Any CPU
		{FBD2B1EE-5EE9-4124-90E2-F2A55B87F1F3}.Release|Any CPU.ActiveCfg = Release|Any CPU
		{FBD2B1EE-5EE9-4124-90E2-F2A55B87F1F3}.Release|Any CPU.Build.0 = Release|Any CPU
		{86D1D08D-51DB-4BEB-B3BA-07A1F8F89343}.Debug|Any CPU.ActiveCfg = Debug|Any CPU
		{86D1D08D-51DB-4BEB-B3BA-07A1F8F89343}.Debug|Any CPU.Build.0 = Debug|Any CPU
		{86D1D08D-51DB-4BEB-B3BA-07A1F8F89343}.Release|Any CPU.ActiveCfg = Release|Any CPU
		{86D1D08D-51DB-4BEB-B3BA-07A1F8F89343}.Release|Any CPU.Build.0 = Release|Any CPU
		{4A71472F-FF57-4647-8001-9D1E5AA22948}.Debug|Any CPU.ActiveCfg = Debug|Any CPU
		{4A71472F-FF57-4647-8001-9D1E5AA22948}.Debug|Any CPU.Build.0 = Debug|Any CPU
		{4A71472F-FF57-4647-8001-9D1E5AA22948}.Release|Any CPU.ActiveCfg = Release|Any CPU
		{4A71472F-FF57-4647-8001-9D1E5AA22948}.Release|Any CPU.Build.0 = Release|Any CPU
		{F7CDC503-F4F1-4BA1-B387-21B5C34DC336}.Debug|Any CPU.ActiveCfg = Debug|Any CPU
		{F7CDC503-F4F1-4BA1-B387-21B5C34DC336}.Debug|Any CPU.Build.0 = Debug|Any CPU
		{F7CDC503-F4F1-4BA1-B387-21B5C34DC336}.Release|Any CPU.ActiveCfg = Release|Any CPU
		{F7CDC503-F4F1-4BA1-B387-21B5C34DC336}.Release|Any CPU.Build.0 = Release|Any CPU
	EndGlobalSection
	GlobalSection(SolutionProperties) = preSolution
		HideSolutionNode = FALSE
	EndGlobalSection
	GlobalSection(ExtensibilityGlobals) = postSolution
		SolutionGuid = {4E350497-C7B7-48A0-97A2-C9156D168F0F}
	EndGlobalSection
EndGlobal
